
Microsoft Visual Studio Solution File, Format Version 12.00
# Visual Studio Version 16
VisualStudioVersion = 16.0.28803.202
MinimumVisualStudioVersion = 10.0.40219.1
Project("{FAE04EC0-301F-11D3-BF4B-00C04F79EFBC}") = "UrlSlugProducerBenchmarks", "UrlSlugProducerBenchmarks\UrlSlugProducerBenchmarks.csproj", "{DDE3CD01-69BB-4A07-94ED-E0A488A53903}"
EndProject
Project("{FAE04EC0-301F-11D3-BF4B-00C04F79EFBC}") = "UnitTestProject1", "UnitTestProject1\UnitTestProject1.csproj", "{65590BEC-672D-4FBF-8226-7DEA29EE72A5}"
EndProject
Global
	GlobalSection(SolutionConfigurationPlatforms) = preSolution
		Debug|Any CPU = Debug|Any CPU
		Release|Any CPU = Release|Any CPU
	EndGlobalSection
	GlobalSection(ProjectConfigurationPlatforms) = postSolution
		{DDE3CD01-69BB-4A07-94ED-E0A488A53903}.Debug|Any CPU.ActiveCfg = Debug|Any CPU
		{DDE3CD01-69BB-4A07-94ED-E0A488A53903}.Debug|Any CPU.Build.0 = Debug|Any CPU
		{DDE3CD01-69BB-4A07-94ED-E0A488A53903}.Release|Any CPU.ActiveCfg = Release|Any CPU
		{DDE3CD01-69BB-4A07-94ED-E0A488A53903}.Release|Any CPU.Build.0 = Release|Any CPU
		{65590BEC-672D-4FBF-8226-7DEA29EE72A5}.Debug|Any CPU.ActiveCfg = Debug|Any CPU
		{65590BEC-672D-4FBF-8226-7DEA29EE72A5}.Debug|Any CPU.Build.0 = Debug|Any CPU
		{65590BEC-672D-4FBF-8226-7DEA29EE72A5}.Release|Any CPU.ActiveCfg = Release|Any CPU
		{65590BEC-672D-4FBF-8226-7DEA29EE72A5}.Release|Any CPU.Build.0 = Release|Any CPU
	EndGlobalSection
	GlobalSection(SolutionProperties) = preSolution
		HideSolutionNode = FALSE
	EndGlobalSection
	GlobalSection(ExtensibilityGlobals) = postSolution
		SolutionGuid = {E194FB06-583C-4CFF-A885-F1107B557BB7}
	EndGlobalSection
EndGlobal
